
Microsoft Visual Studio Solution File, Format Version 11.00
# Visual C++ Express 2010
Project("{8BC9CEB8-8B4A-11D0-8D11-00A0C91BC942}") = "JNISpotify", "JNISpotify\JNISpotify.vcxproj", "{BAE4D97B-7655-4903-B348-89D11DBB6ADD}"
EndProject
Global
	GlobalSection(SolutionConfigurationPlatforms) = preSolution
		Debug|Win32 = Debug|Win32
		Release|Win32 = Release|Win32
	EndGlobalSection
	GlobalSection(ProjectConfigurationPlatforms) = postSolution
		{BAE4D97B-7655-4903-B348-89D11DBB6ADD}.Debug|Win32.ActiveCfg = Debug|Win32
		{BAE4D97B-7655-4903-B348-89D11DBB6ADD}.Debug|Win32.Build.0 = Debug|Win32
		{BAE4D97B-7655-4903-B348-89D11DBB6ADD}.Release|Win32.ActiveCfg = Release|Win32
		{BAE4D97B-7655-4903-B348-89D11DBB6ADD}.Release|Win32.Build.0 = Release|Win32
	EndGlobalSection
	GlobalSection(SolutionProperties) = preSolution
		HideSolutionNode = FALSE
	EndGlobalSection
EndGlobal
